// !$*UTF8*$!
{
	archiveVersion = 1;
	classes = {
	};
	objectVersion = 51;
	objects = {

/* Begin PBXBuildFile section */
		26B8C8838CB4138BE240B52A /* Pods_WW_CV_Test.framework in Frameworks */ = {isa = PBXBuildFile; fileRef = 159EA795E4CF4FC882771E4F /* Pods_WW_CV_Test.framework */; };
		414B5B5024576C5A003FBCBB /* TriviaData.swift in Sources */ = {isa = PBXBuildFile; fileRef = 414B5B4F24576C5A003FBCBB /* TriviaData.swift */; };
		414B5B5324576C98003FBCBB /* TriviaModel.swift in Sources */ = {isa = PBXBuildFile; fileRef = 414B5B5224576C98003FBCBB /* TriviaModel.swift */; };
		414B5B5524576CB2003FBCBB /* TriviaManager.swift in Sources */ = {isa = PBXBuildFile; fileRef = 414B5B5424576CB2003FBCBB /* TriviaManager.swift */; };
		414B5B7F245A2023003FBCBB /* ContentViewController.swift in Sources */ = {isa = PBXBuildFile; fileRef = 414B5B7E245A2023003FBCBB /* ContentViewController.swift */; };
		414B5B81245B2469003FBCBB /* ResponseViewController.swift in Sources */ = {isa = PBXBuildFile; fileRef = 414B5B80245B2469003FBCBB /* ResponseViewController.swift */; };
		414B5B85245B317A003FBCBB /* ShowContentAnimator.swift in Sources */ = {isa = PBXBuildFile; fileRef = 414B5B84245B317A003FBCBB /* ShowContentAnimator.swift */; };
		414B5B87245B394A003FBCBB /* ShowContentSegue.swift in Sources */ = {isa = PBXBuildFile; fileRef = 414B5B86245B394A003FBCBB /* ShowContentSegue.swift */; };
		4154FC4B24538EBD00DD7BD0 /* AppDelegate.swift in Sources */ = {isa = PBXBuildFile; fileRef = 4154FC4A24538EBD00DD7BD0 /* AppDelegate.swift */; };
		4154FC4D24538EBD00DD7BD0 /* SceneDelegate.swift in Sources */ = {isa = PBXBuildFile; fileRef = 4154FC4C24538EBD00DD7BD0 /* SceneDelegate.swift */; };
		4154FC5224538EBD00DD7BD0 /* Main.storyboard in Resources */ = {isa = PBXBuildFile; fileRef = 4154FC5024538EBD00DD7BD0 /* Main.storyboard */; };
		4154FC5424538EC100DD7BD0 /* Assets.xcassets in Resources */ = {isa = PBXBuildFile; fileRef = 4154FC5324538EC100DD7BD0 /* Assets.xcassets */; };
		4154FC5724538EC100DD7BD0 /* LaunchScreen.storyboard in Resources */ = {isa = PBXBuildFile; fileRef = 4154FC5524538EC100DD7BD0 /* LaunchScreen.storyboard */; };
		4154FC632454C01300DD7BD0 /* BoardViewController.swift in Sources */ = {isa = PBXBuildFile; fileRef = 4154FC622454C01300DD7BD0 /* BoardViewController.swift */; };
		41CBDBB22454C7C50077C4CA /* WWCollectionViewCell.swift in Sources */ = {isa = PBXBuildFile; fileRef = 41CBDBB12454C7C50077C4CA /* WWCollectionViewCell.swift */; };
/* End PBXBuildFile section */

/* Begin PBXFileReference section */
		0102D3EC6557B4B67814DFC2 /* Pods-WW-CV-Test.debug.xcconfig */ = {isa = PBXFileReference; includeInIndex = 1; lastKnownFileType = text.xcconfig; name = "Pods-WW-CV-Test.debug.xcconfig"; path = "Target Support Files/Pods-WW-CV-Test/Pods-WW-CV-Test.debug.xcconfig"; sourceTree = "<group>"; };
		159EA795E4CF4FC882771E4F /* Pods_WW_CV_Test.framework */ = {isa = PBXFileReference; explicitFileType = wrapper.framework; includeInIndex = 0; path = Pods_WW_CV_Test.framework; sourceTree = BUILT_PRODUCTS_DIR; };
		414B5B4F24576C5A003FBCBB /* TriviaData.swift */ = {isa = PBXFileReference; lastKnownFileType = sourcecode.swift; path = TriviaData.swift; sourceTree = "<group>"; };
		414B5B5224576C98003FBCBB /* TriviaModel.swift */ = {isa = PBXFileReference; lastKnownFileType = sourcecode.swift; path = TriviaModel.swift; sourceTree = "<group>"; };
		414B5B5424576CB2003FBCBB /* TriviaManager.swift */ = {isa = PBXFileReference; lastKnownFileType = sourcecode.swift; path = TriviaManager.swift; sourceTree = "<group>"; };
		414B5B7E245A2023003FBCBB /* ContentViewController.swift */ = {isa = PBXFileReference; lastKnownFileType = sourcecode.swift; path = ContentViewController.swift; sourceTree = "<group>"; };
		414B5B80245B2469003FBCBB /* ResponseViewController.swift */ = {isa = PBXFileReference; lastKnownFileType = sourcecode.swift; path = ResponseViewController.swift; sourceTree = "<group>"; };
		414B5B84245B317A003FBCBB /* ShowContentAnimator.swift */ = {isa = PBXFileReference; lastKnownFileType = sourcecode.swift; path = ShowContentAnimator.swift; sourceTree = "<group>"; };
		414B5B86245B394A003FBCBB /* ShowContentSegue.swift */ = {isa = PBXFileReference; lastKnownFileType = sourcecode.swift; path = ShowContentSegue.swift; sourceTree = "<group>"; };
		4154FC4724538EBD00DD7BD0 /* WW-CV-Test.app */ = {isa = PBXFileReference; explicitFileType = wrapper.application; includeInIndex = 0; path = "WW-CV-Test.app"; sourceTree = BUILT_PRODUCTS_DIR; };
		4154FC4A24538EBD00DD7BD0 /* AppDelegate.swift */ = {isa = PBXFileReference; lastKnownFileType = sourcecode.swift; path = AppDelegate.swift; sourceTree = "<group>"; };
		4154FC4C24538EBD00DD7BD0 /* SceneDelegate.swift */ = {isa = PBXFileReference; lastKnownFileType = sourcecode.swift; path = SceneDelegate.swift; sourceTree = "<group>"; };
		4154FC5124538EBD00DD7BD0 /* Base */ = {isa = PBXFileReference; lastKnownFileType = file.storyboard; name = Base; path = Base.lproj/Main.storyboard; sourceTree = "<group>"; };
		4154FC5324538EC100DD7BD0 /* Assets.xcassets */ = {isa = PBXFileReference; lastKnownFileType = folder.assetcatalog; path = Assets.xcassets; sourceTree = "<group>"; };
		4154FC5624538EC100DD7BD0 /* Base */ = {isa = PBXFileReference; lastKnownFileType = file.storyboard; name = Base; path = Base.lproj/LaunchScreen.storyboard; sourceTree = "<group>"; };
		4154FC5824538EC100DD7BD0 /* Info.plist */ = {isa = PBXFileReference; lastKnownFileType = text.plist.xml; path = Info.plist; sourceTree = "<group>"; };
		4154FC622454C01300DD7BD0 /* BoardViewController.swift */ = {isa = PBXFileReference; lastKnownFileType = sourcecode.swift; path = BoardViewController.swift; sourceTree = "<group>"; };
		41CBDBB12454C7C50077C4CA /* WWCollectionViewCell.swift */ = {isa = PBXFileReference; lastKnownFileType = sourcecode.swift; path = WWCollectionViewCell.swift; sourceTree = "<group>"; };
		50951FACD34B0EA1105133A5 /* Pods-WW-CV-Test.release.xcconfig */ = {isa = PBXFileReference; includeInIndex = 1; lastKnownFileType = text.xcconfig; name = "Pods-WW-CV-Test.release.xcconfig"; path = "Target Support Files/Pods-WW-CV-Test/Pods-WW-CV-Test.release.xcconfig"; sourceTree = "<group>"; };
/* End PBXFileReference section */

/* Begin PBXFrameworksBuildPhase section */
		4154FC4424538EBD00DD7BD0 /* Frameworks */ = {
			isa = PBXFrameworksBuildPhase;
			buildActionMask = 2147483647;
			files = (
				26B8C8838CB4138BE240B52A /* Pods_WW_CV_Test.framework in Frameworks */,
			);
			runOnlyForDeploymentPostprocessing = 0;
		};
/* End PBXFrameworksBuildPhase section */

/* Begin PBXGroup section */
		0EF9FB837002AFBC455C428F /* Pods */ = {
			isa = PBXGroup;
			children = (
				0102D3EC6557B4B67814DFC2 /* Pods-WW-CV-Test.debug.xcconfig */,
				50951FACD34B0EA1105133A5 /* Pods-WW-CV-Test.release.xcconfig */,
			);
			path = Pods;
			sourceTree = "<group>";
		};
		414B5B4D24576BEA003FBCBB /* Controllers */ = {
			isa = PBXGroup;
			children = (
				414B5B7E245A2023003FBCBB /* ContentViewController.swift */,
				4154FC622454C01300DD7BD0 /* BoardViewController.swift */,
				414B5B80245B2469003FBCBB /* ResponseViewController.swift */,
			);
			path = Controllers;
			sourceTree = "<group>";
		};
		414B5B4E24576C1C003FBCBB /* Views */ = {
			isa = PBXGroup;
			children = (
				4154FC5024538EBD00DD7BD0 /* Main.storyboard */,
				41CBDBB12454C7C50077C4CA /* WWCollectionViewCell.swift */,
				4154FC5524538EC100DD7BD0 /* LaunchScreen.storyboard */,
			);
			path = Views;
			sourceTree = "<group>";
		};
		414B5B5124576C64003FBCBB /* Model */ = {
			isa = PBXGroup;
			children = (
				414B5B4F24576C5A003FBCBB /* TriviaData.swift */,
				414B5B5224576C98003FBCBB /* TriviaModel.swift */,
				414B5B5424576CB2003FBCBB /* TriviaManager.swift */,
			);
			path = Model;
			sourceTree = "<group>";
		};
		4154FC3E24538EBD00DD7BD0 = {
			isa = PBXGroup;
			children = (
				4154FC4924538EBD00DD7BD0 /* WW-CV-Test */,
				4154FC4824538EBD00DD7BD0 /* Products */,
				0EF9FB837002AFBC455C428F /* Pods */,
				D9EBD176F6F6200423E5EA92 /* Frameworks */,
			);
			sourceTree = "<group>";
		};
		4154FC4824538EBD00DD7BD0 /* Products */ = {
			isa = PBXGroup;
			children = (
				4154FC4724538EBD00DD7BD0 /* WW-CV-Test.app */,
			);
			name = Products;
			sourceTree = "<group>";
		};
		4154FC4924538EBD00DD7BD0 /* WW-CV-Test */ = {
			isa = PBXGroup;
			children = (
				4154FC4A24538EBD00DD7BD0 /* AppDelegate.swift */,
				4154FC4C24538EBD00DD7BD0 /* SceneDelegate.swift */,
				414B5B4E24576C1C003FBCBB /* Views */,
				4154FC5324538EC100DD7BD0 /* Assets.xcassets */,
				4154FC5824538EC100DD7BD0 /* Info.plist */,
				414B5B4D24576BEA003FBCBB /* Controllers */,
				414B5B5124576C64003FBCBB /* Model */,
				414B5B84245B317A003FBCBB /* ShowContentAnimator.swift */,
				414B5B86245B394A003FBCBB /* ShowContentSegue.swift */,
			);
			path = "WW-CV-Test";
			sourceTree = "<group>";
		};
		D9EBD176F6F6200423E5EA92 /* Frameworks */ = {
			isa = PBXGroup;
			children = (
				159EA795E4CF4FC882771E4F /* Pods_WW_CV_Test.framework */,
			);
			name = Frameworks;
			sourceTree = "<group>";
		};
/* End PBXGroup section */

/* Begin PBXNativeTarget section */
		4154FC4624538EBD00DD7BD0 /* WW-CV-Test */ = {
			isa = PBXNativeTarget;
			buildConfigurationList = 4154FC5B24538EC100DD7BD0 /* Build configuration list for PBXNativeTarget "WW-CV-Test" */;
			buildPhases = (
				3AEA8E8DCA7D317B2700B08B /* [CP] Check Pods Manifest.lock */,
				4154FC4324538EBD00DD7BD0 /* Sources */,
				4154FC4424538EBD00DD7BD0 /* Frameworks */,
				4154FC4524538EBD00DD7BD0 /* Resources */,
				00C98087D2027006A2FB267B /* [CP] Embed Pods Frameworks */,
			);
			buildRules = (
			);
			dependencies = (
			);
			name = "WW-CV-Test";
			productName = "WW-CV-Test";
			productReference = 4154FC4724538EBD00DD7BD0 /* WW-CV-Test.app */;
			productType = "com.apple.product-type.application";
		};
/* End PBXNativeTarget section */

/* Begin PBXProject section */
		4154FC3F24538EBD00DD7BD0 /* Project object */ = {
			isa = PBXProject;
			attributes = {
				LastSwiftUpdateCheck = 1130;
				LastUpgradeCheck = 1130;
				ORGANIZATIONNAME = TDG;
				TargetAttributes = {
					4154FC4624538EBD00DD7BD0 = {
						CreatedOnToolsVersion = 11.3.1;
					};
				};
			};
			buildConfigurationList = 4154FC4224538EBD00DD7BD0 /* Build configuration list for PBXProject "WW-CV-Test" */;
			compatibilityVersion = "Xcode 9.3";
			developmentRegion = en;
			hasScannedForEncodings = 0;
			knownRegions = (
				en,
				Base,
			);
			mainGroup = 4154FC3E24538EBD00DD7BD0;
			productRefGroup = 4154FC4824538EBD00DD7BD0 /* Products */;
			projectDirPath = "";
			projectRoot = "";
			targets = (
				4154FC4624538EBD00DD7BD0 /* WW-CV-Test */,
			);
		};
/* End PBXProject section */

/* Begin PBXResourcesBuildPhase section */
		4154FC4524538EBD00DD7BD0 /* Resources */ = {
			isa = PBXResourcesBuildPhase;
			buildActionMask = 2147483647;
			files = (
				4154FC5724538EC100DD7BD0 /* LaunchScreen.storyboard in Resources */,
				4154FC5424538EC100DD7BD0 /* Assets.xcassets in Resources */,
				4154FC5224538EBD00DD7BD0 /* Main.storyboard in Resources */,
			);
			runOnlyForDeploymentPostprocessing = 0;
		};
/* End PBXResourcesBuildPhase section */

/* Begin PBXShellScriptBuildPhase section */
		00C98087D2027006A2FB267B /* [CP] Embed Pods Frameworks */ = {
			isa = PBXShellScriptBuildPhase;
			buildActionMask = 2147483647;
			files = (
			);
			inputFileListPaths = (
				"${PODS_ROOT}/Target Support Files/Pods-WW-CV-Test/Pods-WW-CV-Test-frameworks-${CONFIGURATION}-input-files.xcfilelist",
			);
			name = "[CP] Embed Pods Frameworks";
			outputFileListPaths = (
				"${PODS_ROOT}/Target Support Files/Pods-WW-CV-Test/Pods-WW-CV-Test-frameworks-${CONFIGURATION}-output-files.xcfilelist",
			);
			runOnlyForDeploymentPostprocessing = 0;
			shellPath = /bin/sh;
			shellScript = "\"${PODS_ROOT}/Target Support Files/Pods-WW-CV-Test/Pods-WW-CV-Test-frameworks.sh\"\n";
			showEnvVarsInLog = 0;
		};
		3AEA8E8DCA7D317B2700B08B /* [CP] Check Pods Manifest.lock */ = {
			isa = PBXShellScriptBuildPhase;
			buildActionMask = 2147483647;
			files = (
			);
			inputFileListPaths = (
			);
			inputPaths = (
				"${PODS_PODFILE_DIR_PATH}/Podfile.lock",
				"${PODS_ROOT}/Manifest.lock",
			);
			name = "[CP] Check Pods Manifest.lock";
			outputFileListPaths = (
			);
			outputPaths = (
				"$(DERIVED_FILE_DIR)/Pods-WW-CV-Test-checkManifestLockResult.txt",
			);
			runOnlyForDeploymentPostprocessing = 0;
			shellPath = /bin/sh;
			shellScript = "diff \"${PODS_PODFILE_DIR_PATH}/Podfile.lock\" \"${PODS_ROOT}/Manifest.lock\" > /dev/null\nif [ $? != 0 ] ; then\n    # print error to STDERR\n    echo \"error: The sandbox is not in sync with the Podfile.lock. Run 'pod install' or update your CocoaPods installation.\" >&2\n    exit 1\nfi\n# This output is used by Xcode 'outputs' to avoid re-running this script phase.\necho \"SUCCESS\" > \"${SCRIPT_OUTPUT_FILE_0}\"\n";
			showEnvVarsInLog = 0;
		};
/* End PBXShellScriptBuildPhase section */

/* Begin PBXSourcesBuildPhase section */
		4154FC4324538EBD00DD7BD0 /* Sources */ = {
			isa = PBXSourcesBuildPhase;
			buildActionMask = 2147483647;
			files = (
				414B5B7F245A2023003FBCBB /* ContentViewController.swift in Sources */,
				4154FC4B24538EBD00DD7BD0 /* AppDelegate.swift in Sources */,
				414B5B5024576C5A003FBCBB /* TriviaData.swift in Sources */,
				414B5B5524576CB2003FBCBB /* TriviaManager.swift in Sources */,
				4154FC4D24538EBD00DD7BD0 /* SceneDelegate.swift in Sources */,
				4154FC632454C01300DD7BD0 /* BoardViewController.swift in Sources */,
				414B5B5324576C98003FBCBB /* TriviaModel.swift in Sources */,
				414B5B87245B394A003FBCBB /* ShowContentSegue.swift in Sources */,
				414B5B81245B2469003FBCBB /* ResponseViewController.swift in Sources */,
				41CBDBB22454C7C50077C4CA /* WWCollectionViewCell.swift in Sources */,
				414B5B85245B317A003FBCBB /* ShowContentAnimator.swift in Sources */,
			);
			runOnlyForDeploymentPostprocessing = 0;
		};
/* End PBXSourcesBuildPhase section */

/* Begin PBXVariantGroup section */
		4154FC5024538EBD00DD7BD0 /* Main.storyboard */ = {
			isa = PBXVariantGroup;
			children = (
				4154FC5124538EBD00DD7BD0 /* Base */,
			);
			name = Main.storyboard;
			sourceTree = "<group>";
		};
		4154FC5524538EC100DD7BD0 /* LaunchScreen.storyboard */ = {
			isa = PBXVariantGroup;
			children = (
				4154FC5624538EC100DD7BD0 /* Base */,
			);
			name = LaunchScreen.storyboard;
			sourceTree = "<group>";
		};
/* End PBXVariantGroup section */

/* Begin XCBuildConfiguration section */
		4154FC5924538EC100DD7BD0 /* Debug */ = {
			isa = XCBuildConfiguration;
			buildSettings = {
				ALWAYS_SEARCH_USER_PATHS = NO;
				CLANG_ANALYZER_NONNULL = YES;
				CLANG_ANALYZER_NUMBER_OBJECT_CONVERSION = YES_AGGRESSIVE;
				CLANG_CXX_LANGUAGE_STANDARD = "gnu++14";
				CLANG_CXX_LIBRARY = "libc++";
				CLANG_ENABLE_MODULES = YES;
				CLANG_ENABLE_OBJC_ARC = YES;
				CLANG_ENABLE_OBJC_WEAK = YES;
				CLANG_WARN_BLOCK_CAPTURE_AUTORELEASING = YES;
				CLANG_WARN_BOOL_CONVERSION = YES;
				CLANG_WARN_COMMA = YES;
				CLANG_WARN_CONSTANT_CONVERSION = YES;
				CLANG_WARN_DEPRECATED_OBJC_IMPLEMENTATIONS = YES;
				CLANG_WARN_DIRECT_OBJC_ISA_USAGE = YES_ERROR;
				CLANG_WARN_DOCUMENTATION_COMMENTS = YES;
				CLANG_WARN_EMPTY_BODY = YES;
				CLANG_WARN_ENUM_CONVERSION = YES;
				CLANG_WARN_INFINITE_RECURSION = YES;
				CLANG_WARN_INT_CONVERSION = YES;
				CLANG_WARN_NON_LITERAL_NULL_CONVERSION = YES;
				CLANG_WARN_OBJC_IMPLICIT_RETAIN_SELF = YES;
				CLANG_WARN_OBJC_LITERAL_CONVERSION = YES;
				CLANG_WARN_OBJC_ROOT_CLASS = YES_ERROR;
				CLANG_WARN_RANGE_LOOP_ANALYSIS = YES;
				CLANG_WARN_STRICT_PROTOTYPES = YES;
				CLANG_WARN_SUSPICIOUS_MOVE = YES;
				CLANG_WARN_UNGUARDED_AVAILABILITY = YES_AGGRESSIVE;
				CLANG_WARN_UNREACHABLE_CODE = YES;
				CLANG_WARN__DUPLICATE_METHOD_MATCH = YES;
				COPY_PHASE_STRIP = NO;
				DEBUG_INFORMATION_FORMAT = dwarf;
				ENABLE_STRICT_OBJC_MSGSEND = YES;
				ENABLE_TESTABILITY = YES;
				GCC_C_LANGUAGE_STANDARD = gnu11;
				GCC_DYNAMIC_NO_PIC = NO;
				GCC_NO_COMMON_BLOCKS = YES;
				GCC_OPTIMIZATION_LEVEL = 0;
				GCC_PREPROCESSOR_DEFINITIONS = (
					"DEBUG=1",
					"$(inherited)",
				);
				GCC_WARN_64_TO_32_BIT_CONVERSION = YES;
				GCC_WARN_ABOUT_RETURN_TYPE = YES_ERROR;
				GCC_WARN_UNDECLARED_SELECTOR = YES;
				GCC_WARN_UNINITIALIZED_AUTOS = YES_AGGRESSIVE;
				GCC_WARN_UNUSED_FUNCTION = YES;
				GCC_WARN_UNUSED_VARIABLE = YES;
				IPHONEOS_DEPLOYMENT_TARGET = 13.2;
				MTL_ENABLE_DEBUG_INFO = INCLUDE_SOURCE;
				MTL_FAST_MATH = YES;
				ONLY_ACTIVE_ARCH = YES;
				SDKROOT = iphoneos;
				SWIFT_ACTIVE_COMPILATION_CONDITIONS = DEBUG;
				SWIFT_OPTIMIZATION_LEVEL = "-Onone";
			};
			name = Debug;
		};
		4154FC5A24538EC100DD7BD0 /* Release */ = {
			isa = XCBuildConfiguration;
			buildSettings = {
				ALWAYS_SEARCH_USER_PATHS = NO;
				CLANG_ANALYZER_NONNULL = YES;
				CLANG_ANALYZER_NUMBER_OBJECT_CONVERSION = YES_AGGRESSIVE;
				CLANG_CXX_LANGUAGE_STANDARD = "gnu++14";
				CLANG_CXX_LIBRARY = "libc++";
				CLANG_ENABLE_MODULES = YES;
				CLANG_ENABLE_OBJC_ARC = YES;
				CLANG_ENABLE_OBJC_WEAK = YES;
				CLANG_WARN_BLOCK_CAPTURE_AUTORELEASING = YES;
				CLANG_WARN_BOOL_CONVERSION = YES;
				CLANG_WARN_COMMA = YES;
				CLANG_WARN_CONSTANT_CONVERSION = YES;
				CLANG_WARN_DEPRECATED_OBJC_IMPLEMENTATIONS = YES;
				CLANG_WARN_DIRECT_OBJC_ISA_USAGE = YES_ERROR;
				CLANG_WARN_DOCUMENTATION_COMMENTS = YES;
				CLANG_WARN_EMPTY_BODY = YES;
				CLANG_WARN_ENUM_CONVERSION = YES;
				CLANG_WARN_INFINITE_RECURSION = YES;
				CLANG_WARN_INT_CONVERSION = YES;
				CLANG_WARN_NON_LITERAL_NULL_CONVERSION = YES;
				CLANG_WARN_OBJC_IMPLICIT_RETAIN_SELF = YES;
				CLANG_WARN_OBJC_LITERAL_CONVERSION = YES;
				CLANG_WARN_OBJC_ROOT_CLASS = YES_ERROR;
				CLANG_WARN_RANGE_LOOP_ANALYSIS = YES;
				CLANG_WARN_STRICT_PROTOTYPES = YES;
				CLANG_WARN_SUSPICIOUS_MOVE = YES;
				CLANG_WARN_UNGUARDED_AVAILABILITY = YES_AGGRESSIVE;
				CLANG_WARN_UNREACHABLE_CODE = YES;
				CLANG_WARN__DUPLICATE_METHOD_MATCH = YES;
				COPY_PHASE_STRIP = NO;
				DEBUG_INFORMATION_FORMAT = "dwarf-with-dsym";
				ENABLE_NS_ASSERTIONS = NO;
				ENABLE_STRICT_OBJC_MSGSEND = YES;
				GCC_C_LANGUAGE_STANDARD = gnu11;
				GCC_NO_COMMON_BLOCKS = YES;
				GCC_WARN_64_TO_32_BIT_CONVERSION = YES;
				GCC_WARN_ABOUT_RETURN_TYPE = YES_ERROR;
				GCC_WARN_UNDECLARED_SELECTOR = YES;
				GCC_WARN_UNINITIALIZED_AUTOS = YES_AGGRESSIVE;
				GCC_WARN_UNUSED_FUNCTION = YES;
				GCC_WARN_UNUSED_VARIABLE = YES;
				IPHONEOS_DEPLOYMENT_TARGET = 13.2;
				MTL_ENABLE_DEBUG_INFO = NO;
				MTL_FAST_MATH = YES;
				SDKROOT = iphoneos;
				SWIFT_COMPILATION_MODE = wholemodule;
				SWIFT_OPTIMIZATION_LEVEL = "-O";
				VALIDATE_PRODUCT = YES;
			};
			name = Release;
		};
		4154FC5C24538EC100DD7BD0 /* Debug */ = {
			isa = XCBuildConfiguration;
			baseConfigurationReference = 0102D3EC6557B4B67814DFC2 /* Pods-WW-CV-Test.debug.xcconfig */;
			buildSettings = {
				ASSETCATALOG_COMPILER_APPICON_NAME = AppIcon;
				CODE_SIGN_STYLE = Automatic;
				DEVELOPMENT_TEAM = JJCNM7HZK3;
				INFOPLIST_FILE = "WW-CV-Test/Info.plist";
				LD_RUNPATH_SEARCH_PATHS = (
					"$(inherited)",
					"@executable_path/Frameworks",
				);
				PRODUCT_BUNDLE_IDENTIFIER = "com.edkatzman.WW-CV-Test";
				PRODUCT_NAME = "$(TARGET_NAME)";
				SWIFT_VERSION = 5.0;
				TARGETED_DEVICE_FAMILY = 2;
			};
			name = Debug;
		};
		4154FC5D24538EC100DD7BD0 /* Release */ = {
			isa = XCBuildConfiguration;
			baseConfigurationReference = 50951FACD34B0EA1105133A5 /* Pods-WW-CV-Test.release.xcconfig */;
			buildSettings = {
				ASSETCATALOG_COMPILER_APPICON_NAME = AppIcon;
				CODE_SIGN_STYLE = Automatic;
				DEVELOPMENT_TEAM = JJCNM7HZK3;
				INFOPLIST_FILE = "WW-CV-Test/Info.plist";
				LD_RUNPATH_SEARCH_PATHS = (
					"$(inherited)",
					"@executable_path/Frameworks",
				);
				PRODUCT_BUNDLE_IDENTIFIER = "com.edkatzman.WW-CV-Test";
				PRODUCT_NAME = "$(TARGET_NAME)";
				SWIFT_VERSION = 5.0;
				TARGETED_DEVICE_FAMILY = 2;
			};
			name = Release;
		};
/* End XCBuildConfiguration section */

/* Begin XCConfigurationList section */
		4154FC4224538EBD00DD7BD0 /* Build configuration list for PBXProject "WW-CV-Test" */ = {
			isa = XCConfigurationList;
			buildConfigurations = (
				4154FC5924538EC100DD7BD0 /* Debug */,
				4154FC5A24538EC100DD7BD0 /* Release */,
			);
			defaultConfigurationIsVisible = 0;
			defaultConfigurationName = Release;
		};
		4154FC5B24538EC100DD7BD0 /* Build configuration list for PBXNativeTarget "WW-CV-Test" */ = {
			isa = XCConfigurationList;
			buildConfigurations = (
				4154FC5C24538EC100DD7BD0 /* Debug */,
				4154FC5D24538EC100DD7BD0 /* Release */,
			);
			defaultConfigurationIsVisible = 0;
			defaultConfigurationName = Release;
		};
/* End XCConfigurationList section */
	};
	rootObject = 4154FC3F24538EBD00DD7BD0 /* Project object */;
}
